
Microsoft Visual Studio Solution File, Format Version 12.00
# Visual Studio Version 16
VisualStudioVersion = 16.0.29123.88
MinimumVisualStudioVersion = 10.0.40219.1
Project("{888888A0-9F3D-457C-B088-3A5042F75D52}") = "Homework6.6", "Homework6.6\Homework6.6.pyproj", "{8BCCC1A1-F3D2-4A9E-A896-3A64436C08A8}"
EndProject
Global
	GlobalSection(SolutionConfigurationPlatforms) = preSolution
		Debug|Any CPU = Debug|Any CPU
		Release|Any CPU = Release|Any CPU
	EndGlobalSection
	GlobalSection(ProjectConfigurationPlatforms) = postSolution
		{8BCCC1A1-F3D2-4A9E-A896-3A64436C08A8}.Debug|Any CPU.ActiveCfg = Debug|Any CPU
		{8BCCC1A1-F3D2-4A9E-A896-3A64436C08A8}.Release|Any CPU.ActiveCfg = Release|Any CPU
	EndGlobalSection
	GlobalSection(SolutionProperties) = preSolution
		HideSolutionNode = FALSE
	EndGlobalSection
	GlobalSection(ExtensibilityGlobals) = postSolution
		SolutionGuid = {363EB263-680A-41B0-97A4-86FB016F40E2}
	EndGlobalSection
EndGlobal
